{
  "name": "npm-node-modules",
  "version": "1.0.0",
  "lockfileVersion": 1,
  "requires": true,
  "dependencies": {
    "web-animations-js": {
      "version": "github:web-animations/web-animations-js#64d83730282fdbce733460d44be52c132d6c04e9"
    },
    "long": {
      "version": "3.2.0",
      "resolved": "https://registry.npmjs.org/long/-/long-3.2.0.tgz",
      "integrity": "sha1-2CG3E4yhy1gcFymQ7xTbIAtcR0s="
    }
  }
}